{
  "name": "spamalot",
  "version": "1.0.0",
  "lockfileVersion": 1,
  "requires": true,
  "dependencies": {
    "bootstrap": {
      "version": "4.3.1",
      "resolved": "https://registry.npmjs.org/bootstrap/-/bootstrap-4.3.1.tgz",
      "integrity": "sha512-rXqOmH1VilAt2DyPzluTi2blhk17bO7ef+zLLPlWvG494pDxcM234pJ8wTc/6R40UWizAIIMgxjvxZg5kmsbag=="
    },
    "jquery": {
      "version": "3.5.0",
      "resolved": "https://registry.npmjs.org/jquery/-/jquery-3.5.0.tgz",
      "integrity": "sha512-Xb7SVYMvygPxbFMpTFQiHh1J7HClEaThguL15N/Gg37Lri/qKyhRGZYzHRyLH8Stq3Aow0LsHO2O2ci86fCrNQ=="
    },
    "sweetalert2": {
      "version": "8.9.0",
      "resolved": "https://registry.npmjs.org/sweetalert2/-/sweetalert2-8.9.0.tgz",
      "integrity": "sha512-gI+wL44QRbfd6FvRVB8KKLQPhD/8jP3XUNrvYGcSlU7IA09dQtQw3rrLCbM3c+HY0L3O8VTz1Gvu29n8ryIgag=="
    }
  }
}
